
Microsoft Visual Studio Solution File, Format Version 12.00
# Visual Studio 14
VisualStudioVersion = 14.0.25420.1
MinimumVisualStudioVersion = 10.0.40219.1
Project("{FAE04EC0-301F-11D3-BF4B-00C04F79EFBC}") = "Ex03.ConsoleUI", "Ex03.ConsoleUI\Ex03.ConsoleUI.csproj", "{20AFE038-F393-4010-9D36-E59FDFC06E88}"
EndProject
Project("{2150E333-8FDC-42A3-9474-1A3956D46DE8}") = "Solution Items", "Solution Items", "{B8FA2C05-CC3B-4BEE-AB48-5E47576B27CF}"
	ProjectSection(SolutionItems) = preProject
		B18 Ex03 May 205661598 Noam 203439450.txt = B18 Ex03 May 205661598 Noam 203439450.txt
	EndProjectSection
EndProject
Project("{FAE04EC0-301F-11D3-BF4B-00C04F79EFBC}") = "Ex03.GarageLogic", "Ex03.GarageLogic\Ex03.GarageLogic.csproj", "{17A0D0AE-5490-490C-8983-ED08C2A6E4DD}"
EndProject
Global
	GlobalSection(SolutionConfigurationPlatforms) = preSolution
		Debug|Any CPU = Debug|Any CPU
		Release|Any CPU = Release|Any CPU
	EndGlobalSection
	GlobalSection(ProjectConfigurationPlatforms) = postSolution
		{20AFE038-F393-4010-9D36-E59FDFC06E88}.Debug|Any CPU.ActiveCfg = Debug|Any CPU
		{20AFE038-F393-4010-9D36-E59FDFC06E88}.Debug|Any CPU.Build.0 = Debug|Any CPU
		{20AFE038-F393-4010-9D36-E59FDFC06E88}.Release|Any CPU.ActiveCfg = Release|Any CPU
		{20AFE038-F393-4010-9D36-E59FDFC06E88}.Release|Any CPU.Build.0 = Release|Any CPU
		{17A0D0AE-5490-490C-8983-ED08C2A6E4DD}.Debug|Any CPU.ActiveCfg = Debug|Any CPU
		{17A0D0AE-5490-490C-8983-ED08C2A6E4DD}.Debug|Any CPU.Build.0 = Debug|Any CPU
		{17A0D0AE-5490-490C-8983-ED08C2A6E4DD}.Release|Any CPU.ActiveCfg = Release|Any CPU
		{17A0D0AE-5490-490C-8983-ED08C2A6E4DD}.Release|Any CPU.Build.0 = Release|Any CPU
	EndGlobalSection
	GlobalSection(SolutionProperties) = preSolution
		HideSolutionNode = FALSE
	EndGlobalSection
EndGlobal
